
Microsoft Visual Studio Solution File, Format Version 12.00
# Visual Studio Version 17
VisualStudioVersion = 17.3.32811.315
MinimumVisualStudioVersion = 10.0.40219.1
Project("{9A19103F-16F7-4668-BE54-9A1E7A4F7556}") = "teamhr-api", "teamhr-api.csproj", "{52C09CCD-D8A0-48A7-8C9B-936556037ED5}"
EndProject
Global
	GlobalSection(SolutionConfigurationPlatforms) = preSolution
		Debug|Any CPU = Debug|Any CPU
		Release|Any CPU = Release|Any CPU
	EndGlobalSection
	GlobalSection(ProjectConfigurationPlatforms) = postSolution
		{52C09CCD-D8A0-48A7-8C9B-936556037ED5}.Debug|Any CPU.ActiveCfg = Debug|Any CPU
		{52C09CCD-D8A0-48A7-8C9B-936556037ED5}.Debug|Any CPU.Build.0 = Debug|Any CPU
		{52C09CCD-D8A0-48A7-8C9B-936556037ED5}.Release|Any CPU.ActiveCfg = Release|Any CPU
		{52C09CCD-D8A0-48A7-8C9B-936556037ED5}.Release|Any CPU.Build.0 = Release|Any CPU
	EndGlobalSection
	GlobalSection(SolutionProperties) = preSolution
		HideSolutionNode = FALSE
	EndGlobalSection
	GlobalSection(ExtensibilityGlobals) = postSolution
		SolutionGuid = {B9CDEA56-A248-4620-BEDE-55338D2292B5}
	EndGlobalSection
EndGlobal
